
Microsoft Visual Studio Solution File, Format Version 12.00
# Visual Studio Version 17
VisualStudioVersion = 17.4.33213.308
MinimumVisualStudioVersion = 10.0.40219.1
Project("{FAE04EC0-301F-11D3-BF4B-00C04F79EFBC}") = "InterpolacionWindowsForms", "InterpolacionWindowsForms\InterpolacionWindowsForms.csproj", "{C3F721CC-831D-4F27-AF93-E6FB3A27CA6A}"
EndProject
Global
	GlobalSection(SolutionConfigurationPlatforms) = preSolution
		Debug|Any CPU = Debug|Any CPU
		Release|Any CPU = Release|Any CPU
	EndGlobalSection
	GlobalSection(ProjectConfigurationPlatforms) = postSolution
		{C3F721CC-831D-4F27-AF93-E6FB3A27CA6A}.Debug|Any CPU.ActiveCfg = Debug|Any CPU
		{C3F721CC-831D-4F27-AF93-E6FB3A27CA6A}.Debug|Any CPU.Build.0 = Debug|Any CPU
		{C3F721CC-831D-4F27-AF93-E6FB3A27CA6A}.Release|Any CPU.ActiveCfg = Release|Any CPU
		{C3F721CC-831D-4F27-AF93-E6FB3A27CA6A}.Release|Any CPU.Build.0 = Release|Any CPU
	EndGlobalSection
	GlobalSection(SolutionProperties) = preSolution
		HideSolutionNode = FALSE
	EndGlobalSection
	GlobalSection(ExtensibilityGlobals) = postSolution
		SolutionGuid = {C0620D4C-B739-4DE8-B512-942FDFCE8486}
	EndGlobalSection
EndGlobal
